// !$*UTF8*$!
{
	archiveVersion = 1;
	classes = {
	};
	objectVersion = 55;
	objects = {

/* Begin PBXBuildFile section */
		CC85A5B62972C05500FF99BF /* TamagotchiAppApp.swift in Sources */ = {isa = PBXBuildFile; fileRef = CC85A5B52972C05500FF99BF /* TamagotchiAppApp.swift */; };
		CC85A5B82972C05500FF99BF /* ContentView.swift in Sources */ = {isa = PBXBuildFile; fileRef = CC85A5B72972C05500FF99BF /* ContentView.swift */; };
		CC85A5BA2972C05600FF99BF /* Assets.xcassets in Resources */ = {isa = PBXBuildFile; fileRef = CC85A5B92972C05600FF99BF /* Assets.xcassets */; };
		CC85A5BD2972C05600FF99BF /* Preview Assets.xcassets in Resources */ = {isa = PBXBuildFile; fileRef = CC85A5BC2972C05600FF99BF /* Preview Assets.xcassets */; };
		CC85A5D12972C05700FF99BF /* TamagotchiAppUITests.swift in Sources */ = {isa = PBXBuildFile; fileRef = CC85A5D02972C05700FF99BF /* TamagotchiAppUITests.swift */; };
		CC85A5D32972C05700FF99BF /* TamagotchiAppUITestsLaunchTests.swift in Sources */ = {isa = PBXBuildFile; fileRef = CC85A5D22972C05700FF99BF /* TamagotchiAppUITestsLaunchTests.swift */; };
		CC85A5E02972C0F500FF99BF /* Tamagotchi.swift in Sources */ = {isa = PBXBuildFile; fileRef = CC85A5DF2972C0F500FF99BF /* Tamagotchi.swift */; };
		CCB1A6C82977FA0D00D4B963 /* TamagotchiAppTests.swift in Sources */ = {isa = PBXBuildFile; fileRef = CC85A5C62972C05700FF99BF /* TamagotchiAppTests.swift */; };
/* End PBXBuildFile section */

/* Begin PBXContainerItemProxy section */
		CC85A5C32972C05700FF99BF /* PBXContainerItemProxy */ = {
			isa = PBXContainerItemProxy;
			containerPortal = CC85A5AA2972C05500FF99BF /* Project object */;
			proxyType = 1;
			remoteGlobalIDString = CC85A5B12972C05500FF99BF;
			remoteInfo = TamagotchiApp;
		};
		CC85A5CD2972C05700FF99BF /* PBXContainerItemProxy */ = {
			isa = PBXContainerItemProxy;
			containerPortal = CC85A5AA2972C05500FF99BF /* Project object */;
			proxyType = 1;
			remoteGlobalIDString = CC85A5B12972C05500FF99BF;
			remoteInfo = TamagotchiApp;
		};
/* End PBXContainerItemProxy section */

/* Begin PBXFileReference section */
		CC85A5B22972C05500FF99BF /* TamagotchiApp.app */ = {isa = PBXFileReference; explicitFileType = wrapper.application; includeInIndex = 0; path = TamagotchiApp.app; sourceTree = BUILT_PRODUCTS_DIR; };
		CC85A5B52972C05500FF99BF /* TamagotchiAppApp.swift */ = {isa = PBXFileReference; lastKnownFileType = sourcecode.swift; path = TamagotchiAppApp.swift; sourceTree = "<group>"; };
		CC85A5B72972C05500FF99BF /* ContentView.swift */ = {isa = PBXFileReference; lastKnownFileType = sourcecode.swift; path = ContentView.swift; sourceTree = "<group>"; };
		CC85A5B92972C05600FF99BF /* Assets.xcassets */ = {isa = PBXFileReference; lastKnownFileType = folder.assetcatalog; path = Assets.xcassets; sourceTree = "<group>"; };
		CC85A5BC2972C05600FF99BF /* Preview Assets.xcassets */ = {isa = PBXFileReference; lastKnownFileType = folder.assetcatalog; path = "Preview Assets.xcassets"; sourceTree = "<group>"; };
		CC85A5C22972C05700FF99BF /* TamagotchiAppTests.xctest */ = {isa = PBXFileReference; explicitFileType = wrapper.cfbundle; includeInIndex = 0; path = TamagotchiAppTests.xctest; sourceTree = BUILT_PRODUCTS_DIR; };
		CC85A5C62972C05700FF99BF /* TamagotchiAppTests.swift */ = {isa = PBXFileReference; lastKnownFileType = sourcecode.swift; path = TamagotchiAppTests.swift; sourceTree = "<group>"; };
		CC85A5CC2972C05700FF99BF /* TamagotchiAppUITests.xctest */ = {isa = PBXFileReference; explicitFileType = wrapper.cfbundle; includeInIndex = 0; path = TamagotchiAppUITests.xctest; sourceTree = BUILT_PRODUCTS_DIR; };
		CC85A5D02972C05700FF99BF /* TamagotchiAppUITests.swift */ = {isa = PBXFileReference; lastKnownFileType = sourcecode.swift; path = TamagotchiAppUITests.swift; sourceTree = "<group>"; };
		CC85A5D22972C05700FF99BF /* TamagotchiAppUITestsLaunchTests.swift */ = {isa = PBXFileReference; lastKnownFileType = sourcecode.swift; path = TamagotchiAppUITestsLaunchTests.swift; sourceTree = "<group>"; };
		CC85A5DF2972C0F500FF99BF /* Tamagotchi.swift */ = {isa = PBXFileReference; lastKnownFileType = sourcecode.swift; path = Tamagotchi.swift; sourceTree = "<group>"; };
/* End PBXFileReference section */

/* Begin PBXFrameworksBuildPhase section */
		CC85A5AF2972C05500FF99BF /* Frameworks */ = {
			isa = PBXFrameworksBuildPhase;
			buildActionMask = 2147483647;
			files = (
			);
			runOnlyForDeploymentPostprocessing = 0;
		};
		CC85A5BF2972C05700FF99BF /* Frameworks */ = {
			isa = PBXFrameworksBuildPhase;
			buildActionMask = 2147483647;
			files = (
			);
			runOnlyForDeploymentPostprocessing = 0;
		};
		CC85A5C92972C05700FF99BF /* Frameworks */ = {
			isa = PBXFrameworksBuildPhase;
			buildActionMask = 2147483647;
			files = (
			);
			runOnlyForDeploymentPostprocessing = 0;
		};
/* End PBXFrameworksBuildPhase section */

/* Begin PBXGroup section */
		CC85A5A92972C05500FF99BF = {
			isa = PBXGroup;
			children = (
				CC85A5B42972C05500FF99BF /* TamagotchiApp */,
				CC85A5C52972C05700FF99BF /* TamagotchiAppTests */,
				CC85A5CF2972C05700FF99BF /* TamagotchiAppUITests */,
				CC85A5B32972C05500FF99BF /* Products */,
			);
			sourceTree = "<group>";
		};
		CC85A5B32972C05500FF99BF /* Products */ = {
			isa = PBXGroup;
			children = (
				CC85A5B22972C05500FF99BF /* TamagotchiApp.app */,
				CC85A5C22972C05700FF99BF /* TamagotchiAppTests.xctest */,
				CC85A5CC2972C05700FF99BF /* TamagotchiAppUITests.xctest */,
			);
			name = Products;
			sourceTree = "<group>";
		};
		CC85A5B42972C05500FF99BF /* TamagotchiApp */ = {
			isa = PBXGroup;
			children = (
				CC85A5B52972C05500FF99BF /* TamagotchiAppApp.swift */,
				CC85A5B72972C05500FF99BF /* ContentView.swift */,
				CC85A5B92972C05600FF99BF /* Assets.xcassets */,
				CC85A5BB2972C05600FF99BF /* Preview Content */,
			);
			path = TamagotchiApp;
			sourceTree = "<group>";
		};
		CC85A5BB2972C05600FF99BF /* Preview Content */ = {
			isa = PBXGroup;
			children = (
				CC85A5BC2972C05600FF99BF /* Preview Assets.xcassets */,
				CC85A5DF2972C0F500FF99BF /* Tamagotchi.swift */,
			);
			path = "Preview Content";
			sourceTree = "<group>";
		};
		CC85A5C52972C05700FF99BF /* TamagotchiAppTests */ = {
			isa = PBXGroup;
			children = (
				CC85A5C62972C05700FF99BF /* TamagotchiAppTests.swift */,
			);
			path = TamagotchiAppTests;
			sourceTree = "<group>";
		};
		CC85A5CF2972C05700FF99BF /* TamagotchiAppUITests */ = {
			isa = PBXGroup;
			children = (
				CC85A5D02972C05700FF99BF /* TamagotchiAppUITests.swift */,
				CC85A5D22972C05700FF99BF /* TamagotchiAppUITestsLaunchTests.swift */,
			);
			path = TamagotchiAppUITests;
			sourceTree = "<group>";
		};
/* End PBXGroup section */

/* Begin PBXNativeTarget section */
		CC85A5B12972C05500FF99BF /* TamagotchiApp */ = {
			isa = PBXNativeTarget;
			buildConfigurationList = CC85A5D62972C05700FF99BF /* Build configuration list for PBXNativeTarget "TamagotchiApp" */;
			buildPhases = (
				CC85A5AE2972C05500FF99BF /* Sources */,
				CC85A5AF2972C05500FF99BF /* Frameworks */,
				CC85A5B02972C05500FF99BF /* Resources */,
			);
			buildRules = (
			);
			dependencies = (
			);
			name = TamagotchiApp;
			productName = TamagotchiApp;
			productReference = CC85A5B22972C05500FF99BF /* TamagotchiApp.app */;
			productType = "com.apple.product-type.application";
		};
		CC85A5C12972C05700FF99BF /* TamagotchiAppTests */ = {
			isa = PBXNativeTarget;
			buildConfigurationList = CC85A5D92972C05700FF99BF /* Build configuration list for PBXNativeTarget "TamagotchiAppTests" */;
			buildPhases = (
				CC85A5BE2972C05700FF99BF /* Sources */,
				CC85A5BF2972C05700FF99BF /* Frameworks */,
				CC85A5C02972C05700FF99BF /* Resources */,
			);
			buildRules = (
			);
			dependencies = (
				CC85A5C42972C05700FF99BF /* PBXTargetDependency */,
			);
			name = TamagotchiAppTests;
			productName = TamagotchiAppTests;
			productReference = CC85A5C22972C05700FF99BF /* TamagotchiAppTests.xctest */;
			productType = "com.apple.product-type.bundle.unit-test";
		};
		CC85A5CB2972C05700FF99BF /* TamagotchiAppUITests */ = {
			isa = PBXNativeTarget;
			buildConfigurationList = CC85A5DC2972C05700FF99BF /* Build configuration list for PBXNativeTarget "TamagotchiAppUITests" */;
			buildPhases = (
				CC85A5C82972C05700FF99BF /* Sources */,
				CC85A5C92972C05700FF99BF /* Frameworks */,
				CC85A5CA2972C05700FF99BF /* Resources */,
			);
			buildRules = (
			);
			dependencies = (
				CC85A5CE2972C05700FF99BF /* PBXTargetDependency */,
			);
			name = TamagotchiAppUITests;
			productName = TamagotchiAppUITests;
			productReference = CC85A5CC2972C05700FF99BF /* TamagotchiAppUITests.xctest */;
			productType = "com.apple.product-type.bundle.ui-testing";
		};
/* End PBXNativeTarget section */

/* Begin PBXProject section */
		CC85A5AA2972C05500FF99BF /* Project object */ = {
			isa = PBXProject;
			attributes = {
				BuildIndependentTargetsInParallel = 1;
				LastSwiftUpdateCheck = 1320;
				LastUpgradeCheck = 1320;
				TargetAttributes = {
					CC85A5B12972C05500FF99BF = {
						CreatedOnToolsVersion = 13.2.1;
					};
					CC85A5C12972C05700FF99BF = {
						CreatedOnToolsVersion = 13.2.1;
						TestTargetID = CC85A5B12972C05500FF99BF;
					};
					CC85A5CB2972C05700FF99BF = {
						CreatedOnToolsVersion = 13.2.1;
						TestTargetID = CC85A5B12972C05500FF99BF;
					};
				};
			};
			buildConfigurationList = CC85A5AD2972C05500FF99BF /* Build configuration list for PBXProject "TamagotchiApp" */;
			compatibilityVersion = "Xcode 13.0";
			developmentRegion = en;
			hasScannedForEncodings = 0;
			knownRegions = (
				en,
				Base,
			);
			mainGroup = CC85A5A92972C05500FF99BF;
			productRefGroup = CC85A5B32972C05500FF99BF /* Products */;
			projectDirPath = "";
			projectRoot = "";
			targets = (
				CC85A5B12972C05500FF99BF /* TamagotchiApp */,
				CC85A5C12972C05700FF99BF /* TamagotchiAppTests */,
				CC85A5CB2972C05700FF99BF /* TamagotchiAppUITests */,
			);
		};
/* End PBXProject section */

/* Begin PBXResourcesBuildPhase section */
		CC85A5B02972C05500FF99BF /* Resources */ = {
			isa = PBXResourcesBuildPhase;
			buildActionMask = 2147483647;
			files = (
				CC85A5BD2972C05600FF99BF /* Preview Assets.xcassets in Resources */,
				CC85A5BA2972C05600FF99BF /* Assets.xcassets in Resources */,
			);
			runOnlyForDeploymentPostprocessing = 0;
		};
		CC85A5C02972C05700FF99BF /* Resources */ = {
			isa = PBXResourcesBuildPhase;
			buildActionMask = 2147483647;
			files = (
			);
			runOnlyForDeploymentPostprocessing = 0;
		};
		CC85A5CA2972C05700FF99BF /* Resources */ = {
			isa = PBXResourcesBuildPhase;
			buildActionMask = 2147483647;
			files = (
			);
			runOnlyForDeploymentPostprocessing = 0;
		};
/* End PBXResourcesBuildPhase section */

/* Begin PBXSourcesBuildPhase section */
		CC85A5AE2972C05500FF99BF /* Sources */ = {
			isa = PBXSourcesBuildPhase;
			buildActionMask = 2147483647;
			files = (
				CC85A5B82972C05500FF99BF /* ContentView.swift in Sources */,
				CC85A5E02972C0F500FF99BF /* Tamagotchi.swift in Sources */,
				CC85A5B62972C05500FF99BF /* TamagotchiAppApp.swift in Sources */,
			);
			runOnlyForDeploymentPostprocessing = 0;
		};
		CC85A5BE2972C05700FF99BF /* Sources */ = {
			isa = PBXSourcesBuildPhase;
			buildActionMask = 2147483647;
			files = (
				CCB1A6C82977FA0D00D4B963 /* TamagotchiAppTests.swift in Sources */,
			);
			runOnlyForDeploymentPostprocessing = 0;
		};
		CC85A5C82972C05700FF99BF /* Sources */ = {
			isa = PBXSourcesBuildPhase;
			buildActionMask = 2147483647;
			files = (
				CC85A5D12972C05700FF99BF /* TamagotchiAppUITests.swift in Sources */,
				CC85A5D32972C05700FF99BF /* TamagotchiAppUITestsLaunchTests.swift in Sources */,
			);
			runOnlyForDeploymentPostprocessing = 0;
		};
/* End PBXSourcesBuildPhase section */

/* Begin PBXTargetDependency section */
		CC85A5C42972C05700FF99BF /* PBXTargetDependency */ = {
			isa = PBXTargetDependency;
			target = CC85A5B12972C05500FF99BF /* TamagotchiApp */;
			targetProxy = CC85A5C32972C05700FF99BF /* PBXContainerItemProxy */;
		};
		CC85A5CE2972C05700FF99BF /* PBXTargetDependency */ = {
			isa = PBXTargetDependency;
			target = CC85A5B12972C05500FF99BF /* TamagotchiApp */;
			targetProxy = CC85A5CD2972C05700FF99BF /* PBXContainerItemProxy */;
		};
/* End PBXTargetDependency section */

/* Begin XCBuildConfiguration section */
		CC85A5D42972C05700FF99BF /* Debug */ = {
			isa = XCBuildConfiguration;
			buildSettings = {
				ALWAYS_SEARCH_USER_PATHS = NO;
				CLANG_ANALYZER_NONNULL = YES;
				CLANG_ANALYZER_NUMBER_OBJECT_CONVERSION = YES_AGGRESSIVE;
				CLANG_CXX_LANGUAGE_STANDARD = "gnu++17";
				CLANG_CXX_LIBRARY = "libc++";
				CLANG_ENABLE_MODULES = YES;
				CLANG_ENABLE_OBJC_ARC = YES;
				CLANG_ENABLE_OBJC_WEAK = YES;
				CLANG_WARN_BLOCK_CAPTURE_AUTORELEASING = YES;
				CLANG_WARN_BOOL_CONVERSION = YES;
				CLANG_WARN_COMMA = YES;
				CLANG_WARN_CONSTANT_CONVERSION = YES;
				CLANG_WARN_DEPRECATED_OBJC_IMPLEMENTATIONS = YES;
				CLANG_WARN_DIRECT_OBJC_ISA_USAGE = YES_ERROR;
				CLANG_WARN_DOCUMENTATION_COMMENTS = YES;
				CLANG_WARN_EMPTY_BODY = YES;
				CLANG_WARN_ENUM_CONVERSION = YES;
				CLANG_WARN_INFINITE_RECURSION = YES;
				CLANG_WARN_INT_CONVERSION = YES;
				CLANG_WARN_NON_LITERAL_NULL_CONVERSION = YES;
				CLANG_WARN_OBJC_IMPLICIT_RETAIN_SELF = YES;
				CLANG_WARN_OBJC_LITERAL_CONVERSION = YES;
				CLANG_WARN_OBJC_ROOT_CLASS = YES_ERROR;
				CLANG_WARN_QUOTED_INCLUDE_IN_FRAMEWORK_HEADER = YES;
				CLANG_WARN_RANGE_LOOP_ANALYSIS = YES;
				CLANG_WARN_STRICT_PROTOTYPES = YES;
				CLANG_WARN_SUSPICIOUS_MOVE = YES;
				CLANG_WARN_UNGUARDED_AVAILABILITY = YES_AGGRESSIVE;
				CLANG_WARN_UNREACHABLE_CODE = YES;
				CLANG_WARN__DUPLICATE_METHOD_MATCH = YES;
				COPY_PHASE_STRIP = NO;
				DEBUG_INFORMATION_FORMAT = dwarf;
				ENABLE_STRICT_OBJC_MSGSEND = YES;
				ENABLE_TESTABILITY = YES;
				GCC_C_LANGUAGE_STANDARD = gnu11;
				GCC_DYNAMIC_NO_PIC = NO;
				GCC_NO_COMMON_BLOCKS = YES;
				GCC_OPTIMIZATION_LEVEL = 0;
				GCC_PREPROCESSOR_DEFINITIONS = (
					"DEBUG=1",
					"$(inherited)",
				);
				GCC_WARN_64_TO_32_BIT_CONVERSION = YES;
				GCC_WARN_ABOUT_RETURN_TYPE = YES_ERROR;
				GCC_WARN_UNDECLARED_SELECTOR = YES;
				GCC_WARN_UNINITIALIZED_AUTOS = YES_AGGRESSIVE;
				GCC_WARN_UNUSED_FUNCTION = YES;
				GCC_WARN_UNUSED_VARIABLE = YES;
				IPHONEOS_DEPLOYMENT_TARGET = 15.2;
				MTL_ENABLE_DEBUG_INFO = INCLUDE_SOURCE;
				MTL_FAST_MATH = YES;
				ONLY_ACTIVE_ARCH = YES;
				SDKROOT = iphoneos;
				SWIFT_ACTIVE_COMPILATION_CONDITIONS = DEBUG;
				SWIFT_OPTIMIZATION_LEVEL = "-Onone";
			};
			name = Debug;
		};
		CC85A5D52972C05700FF99BF /* Release */ = {
			isa = XCBuildConfiguration;
			buildSettings = {
				ALWAYS_SEARCH_USER_PATHS = NO;
				CLANG_ANALYZER_NONNULL = YES;
				CLANG_ANALYZER_NUMBER_OBJECT_CONVERSION = YES_AGGRESSIVE;
				CLANG_CXX_LANGUAGE_STANDARD = "gnu++17";
				CLANG_CXX_LIBRARY = "libc++";
				CLANG_ENABLE_MODULES = YES;
				CLANG_ENABLE_OBJC_ARC = YES;
				CLANG_ENABLE_OBJC_WEAK = YES;
				CLANG_WARN_BLOCK_CAPTURE_AUTORELEASING = YES;
				CLANG_WARN_BOOL_CONVERSION = YES;
				CLANG_WARN_COMMA = YES;
				CLANG_WARN_CONSTANT_CONVERSION = YES;
				CLANG_WARN_DEPRECATED_OBJC_IMPLEMENTATIONS = YES;
				CLANG_WARN_DIRECT_OBJC_ISA_USAGE = YES_ERROR;
				CLANG_WARN_DOCUMENTATION_COMMENTS = YES;
				CLANG_WARN_EMPTY_BODY = YES;
				CLANG_WARN_ENUM_CONVERSION = YES;
				CLANG_WARN_INFINITE_RECURSION = YES;
				CLANG_WARN_INT_CONVERSION = YES;
				CLANG_WARN_NON_LITERAL_NULL_CONVERSION = YES;
				CLANG_WARN_OBJC_IMPLICIT_RETAIN_SELF = YES;
				CLANG_WARN_OBJC_LITERAL_CONVERSION = YES;
				CLANG_WARN_OBJC_ROOT_CLASS = YES_ERROR;
				CLANG_WARN_QUOTED_INCLUDE_IN_FRAMEWORK_HEADER = YES;
				CLANG_WARN_RANGE_LOOP_ANALYSIS = YES;
				CLANG_WARN_STRICT_PROTOTYPES = YES;
				CLANG_WARN_SUSPICIOUS_MOVE = YES;
				CLANG_WARN_UNGUARDED_AVAILABILITY = YES_AGGRESSIVE;
				CLANG_WARN_UNREACHABLE_CODE = YES;
				CLANG_WARN__DUPLICATE_METHOD_MATCH = YES;
				COPY_PHASE_STRIP = NO;
				DEBUG_INFORMATION_FORMAT = "dwarf-with-dsym";
				ENABLE_NS_ASSERTIONS = NO;
				ENABLE_STRICT_OBJC_MSGSEND = YES;
				GCC_C_LANGUAGE_STANDARD = gnu11;
				GCC_NO_COMMON_BLOCKS = YES;
				GCC_WARN_64_TO_32_BIT_CONVERSION = YES;
				GCC_WARN_ABOUT_RETURN_TYPE = YES_ERROR;
				GCC_WARN_UNDECLARED_SELECTOR = YES;
				GCC_WARN_UNINITIALIZED_AUTOS = YES_AGGRESSIVE;
				GCC_WARN_UNUSED_FUNCTION = YES;
				GCC_WARN_UNUSED_VARIABLE = YES;
				IPHONEOS_DEPLOYMENT_TARGET = 15.2;
				MTL_ENABLE_DEBUG_INFO = NO;
				MTL_FAST_MATH = YES;
				SDKROOT = iphoneos;
				SWIFT_COMPILATION_MODE = wholemodule;
				SWIFT_OPTIMIZATION_LEVEL = "-O";
				VALIDATE_PRODUCT = YES;
			};
			name = Release;
		};
		CC85A5D72972C05700FF99BF /* Debug */ = {
			isa = XCBuildConfiguration;
			buildSettings = {
				ASSETCATALOG_COMPILER_APPICON_NAME = AppIcon;
				ASSETCATALOG_COMPILER_GLOBAL_ACCENT_COLOR_NAME = AccentColor;
				CODE_SIGN_STYLE = Automatic;
				CURRENT_PROJECT_VERSION = 1;
				DEVELOPMENT_ASSET_PATHS = "\"TamagotchiApp/Preview Content\"";
				ENABLE_PREVIEWS = YES;
				GENERATE_INFOPLIST_FILE = YES;
				INFOPLIST_KEY_UIApplicationSceneManifest_Generation = YES;
				INFOPLIST_KEY_UIApplicationSupportsIndirectInputEvents = YES;
				INFOPLIST_KEY_UILaunchScreen_Generation = YES;
				INFOPLIST_KEY_UISupportedInterfaceOrientations_iPad = "UIInterfaceOrientationPortrait UIInterfaceOrientationPortraitUpsideDown UIInterfaceOrientationLandscapeLeft UIInterfaceOrientationLandscapeRight";
				INFOPLIST_KEY_UISupportedInterfaceOrientations_iPhone = "UIInterfaceOrientationPortrait UIInterfaceOrientationLandscapeLeft UIInterfaceOrientationLandscapeRight";
				LD_RUNPATH_SEARCH_PATHS = (
					"$(inherited)",
					"@executable_path/Frameworks",
				);
				MARKETING_VERSION = 1.0;
				PRODUCT_BUNDLE_IDENTIFIER = com.verekerl.TamagotchiApp;
				PRODUCT_NAME = "$(TARGET_NAME)";
				SWIFT_EMIT_LOC_STRINGS = YES;
				SWIFT_VERSION = 5.0;
				TARGETED_DEVICE_FAMILY = "1,2";
			};
			name = Debug;
		};
		CC85A5D82972C05700FF99BF /* Release */ = {
			isa = XCBuildConfiguration;
			buildSettings = {
				ASSETCATALOG_COMPILER_APPICON_NAME = AppIcon;
				ASSETCATALOG_COMPILER_GLOBAL_ACCENT_COLOR_NAME = AccentColor;
				CODE_SIGN_STYLE = Automatic;
				CURRENT_PROJECT_VERSION = 1;
				DEVELOPMENT_ASSET_PATHS = "\"TamagotchiApp/Preview Content\"";
				ENABLE_PREVIEWS = YES;
				GENERATE_INFOPLIST_FILE = YES;
				INFOPLIST_KEY_UIApplicationSceneManifest_Generation = YES;
				INFOPLIST_KEY_UIApplicationSupportsIndirectInputEvents = YES;
				INFOPLIST_KEY_UILaunchScreen_Generation = YES;
				INFOPLIST_KEY_UISupportedInterfaceOrientations_iPad = "UIInterfaceOrientationPortrait UIInterfaceOrientationPortraitUpsideDown UIInterfaceOrientationLandscapeLeft UIInterfaceOrientationLandscapeRight";
				INFOPLIST_KEY_UISupportedInterfaceOrientations_iPhone = "UIInterfaceOrientationPortrait UIInterfaceOrientationLandscapeLeft UIInterfaceOrientationLandscapeRight";
				LD_RUNPATH_SEARCH_PATHS = (
					"$(inherited)",
					"@executable_path/Frameworks",
				);
				MARKETING_VERSION = 1.0;
				PRODUCT_BUNDLE_IDENTIFIER = com.verekerl.TamagotchiApp;
				PRODUCT_NAME = "$(TARGET_NAME)";
				SWIFT_EMIT_LOC_STRINGS = YES;
				SWIFT_VERSION = 5.0;
				TARGETED_DEVICE_FAMILY = "1,2";
			};
			name = Release;
		};
		CC85A5DA2972C05700FF99BF /* Debug */ = {
			isa = XCBuildConfiguration;
			buildSettings = {
				ALWAYS_EMBED_SWIFT_STANDARD_LIBRARIES = YES;
				BUNDLE_LOADER = "$(TEST_HOST)";
				CODE_SIGN_STYLE = Automatic;
				CURRENT_PROJECT_VERSION = 1;
				GENERATE_INFOPLIST_FILE = YES;
				IPHONEOS_DEPLOYMENT_TARGET = 15.2;
				MARKETING_VERSION = 1.0;
				PRODUCT_BUNDLE_IDENTIFIER = com.verekerl.TamagotchiAppTests;
				PRODUCT_NAME = "$(TARGET_NAME)";
				SWIFT_EMIT_LOC_STRINGS = NO;
				SWIFT_VERSION = 5.0;
				TARGETED_DEVICE_FAMILY = "1,2";
				TEST_HOST = "$(BUILT_PRODUCTS_DIR)/TamagotchiApp.app/TamagotchiApp";
			};
			name = Debug;
		};
		CC85A5DB2972C05700FF99BF /* Release */ = {
			isa = XCBuildConfiguration;
			buildSettings = {
				ALWAYS_EMBED_SWIFT_STANDARD_LIBRARIES = YES;
				BUNDLE_LOADER = "$(TEST_HOST)";
				CODE_SIGN_STYLE = Automatic;
				CURRENT_PROJECT_VERSION = 1;
				GENERATE_INFOPLIST_FILE = YES;
				IPHONEOS_DEPLOYMENT_TARGET = 15.2;
				MARKETING_VERSION = 1.0;
				PRODUCT_BUNDLE_IDENTIFIER = com.verekerl.TamagotchiAppTests;
				PRODUCT_NAME = "$(TARGET_NAME)";
				SWIFT_EMIT_LOC_STRINGS = NO;
				SWIFT_VERSION = 5.0;
				TARGETED_DEVICE_FAMILY = "1,2";
				TEST_HOST = "$(BUILT_PRODUCTS_DIR)/TamagotchiApp.app/TamagotchiApp";
			};
			name = Release;
		};
		CC85A5DD2972C05700FF99BF /* Debug */ = {
			isa = XCBuildConfiguration;
			buildSettings = {
				ALWAYS_EMBED_SWIFT_STANDARD_LIBRARIES = YES;
				CODE_SIGN_STYLE = Automatic;
				CURRENT_PROJECT_VERSION = 1;
				GENERATE_INFOPLIST_FILE = YES;
				MARKETING_VERSION = 1.0;
				PRODUCT_BUNDLE_IDENTIFIER = com.verekerl.TamagotchiAppUITests;
				PRODUCT_NAME = "$(TARGET_NAME)";
				SWIFT_EMIT_LOC_STRINGS = NO;
				SWIFT_VERSION = 5.0;
				TARGETED_DEVICE_FAMILY = "1,2";
				TEST_TARGET_NAME = TamagotchiApp;
			};
			name = Debug;
		};
		CC85A5DE2972C05700FF99BF /* Release */ = {
			isa = XCBuildConfiguration;
			buildSettings = {
				ALWAYS_EMBED_SWIFT_STANDARD_LIBRARIES = YES;
				CODE_SIGN_STYLE = Automatic;
				CURRENT_PROJECT_VERSION = 1;
				GENERATE_INFOPLIST_FILE = YES;
				MARKETING_VERSION = 1.0;
				PRODUCT_BUNDLE_IDENTIFIER = com.verekerl.TamagotchiAppUITests;
				PRODUCT_NAME = "$(TARGET_NAME)";
				SWIFT_EMIT_LOC_STRINGS = NO;
				SWIFT_VERSION = 5.0;
				TARGETED_DEVICE_FAMILY = "1,2";
				TEST_TARGET_NAME = TamagotchiApp;
			};
			name = Release;
		};
/* End XCBuildConfiguration section */

/* Begin XCConfigurationList section */
		CC85A5AD2972C05500FF99BF /* Build configuration list for PBXProject "TamagotchiApp" */ = {
			isa = XCConfigurationList;
			buildConfigurations = (
				CC85A5D42972C05700FF99BF /* Debug */,
				CC85A5D52972C05700FF99BF /* Release */,
			);
			defaultConfigurationIsVisible = 0;
			defaultConfigurationName = Release;
		};
		CC85A5D62972C05700FF99BF /* Build configuration list for PBXNativeTarget "TamagotchiApp" */ = {
			isa = XCConfigurationList;
			buildConfigurations = (
				CC85A5D72972C05700FF99BF /* Debug */,
				CC85A5D82972C05700FF99BF /* Release */,
			);
			defaultConfigurationIsVisible = 0;
			defaultConfigurationName = Release;
		};
		CC85A5D92972C05700FF99BF /* Build configuration list for PBXNativeTarget "TamagotchiAppTests" */ = {
			isa = XCConfigurationList;
			buildConfigurations = (
				CC85A5DA2972C05700FF99BF /* Debug */,
				CC85A5DB2972C05700FF99BF /* Release */,
			);
			defaultConfigurationIsVisible = 0;
			defaultConfigurationName = Release;
		};
		CC85A5DC2972C05700FF99BF /* Build configuration list for PBXNativeTarget "TamagotchiAppUITests" */ = {
			isa = XCConfigurationList;
			buildConfigurations = (
				CC85A5DD2972C05700FF99BF /* Debug */,
				CC85A5DE2972C05700FF99BF /* Release */,
			);
			defaultConfigurationIsVisible = 0;
			defaultConfigurationName = Release;
		};
/* End XCConfigurationList section */
	};
	rootObject = CC85A5AA2972C05500FF99BF /* Project object */;
}
